
Microsoft Visual Studio Solution File, Format Version 12.00
# Visual Studio Version 16
VisualStudioVersion = 16.0.30523.141
MinimumVisualStudioVersion = 10.0.40219.1
Project("{FAE04EC0-301F-11D3-BF4B-00C04F79EFBC}") = "WindowsFormsApp1", "WindowsFormsApp1\WindowsFormsApp1.csproj", "{192C212B-FF34-454A-A29D-B5F71E469873}"
EndProject
Global
	GlobalSection(SolutionConfigurationPlatforms) = preSolution
		Debug|Any CPU = Debug|Any CPU
		Release|Any CPU = Release|Any CPU
	EndGlobalSection
	GlobalSection(ProjectConfigurationPlatforms) = postSolution
		{192C212B-FF34-454A-A29D-B5F71E469873}.Debug|Any CPU.ActiveCfg = Debug|Any CPU
		{192C212B-FF34-454A-A29D-B5F71E469873}.Debug|Any CPU.Build.0 = Debug|Any CPU
		{192C212B-FF34-454A-A29D-B5F71E469873}.Release|Any CPU.ActiveCfg = Release|Any CPU
		{192C212B-FF34-454A-A29D-B5F71E469873}.Release|Any CPU.Build.0 = Release|Any CPU
	EndGlobalSection
	GlobalSection(SolutionProperties) = preSolution
		HideSolutionNode = FALSE
	EndGlobalSection
	GlobalSection(ExtensibilityGlobals) = postSolution
		SolutionGuid = {D3BEB469-E796-407F-BDA9-07332EA258FC}
	EndGlobalSection
EndGlobal
